// !$*UTF8*$!
{
	archiveVersion = 1;
	classes = {
	};
	objectVersion = 51;
	objects = {

/* Begin PBXBuildFile section */
		3D0263C125DF43EE00E47DA3 /* GameOver.swift in Sources */ = {isa = PBXBuildFile; fileRef = 3D0263C025DF43EE00E47DA3 /* GameOver.swift */; };
		3D0263C425E00F1F00E47DA3 /* NoMovements.swift in Sources */ = {isa = PBXBuildFile; fileRef = 3D0263C325E00F1F00E47DA3 /* NoMovements.swift */; };
		3D135D5825DECA4900FBC389 /* LogMessage.swift in Sources */ = {isa = PBXBuildFile; fileRef = 3D135D5725DECA4900FBC389 /* LogMessage.swift */; };
		3D376BEE25DDACDC004F4AF3 /* Log.swift in Sources */ = {isa = PBXBuildFile; fileRef = 3D376BED25DDACDC004F4AF3 /* Log.swift */; };
		3D42C00B25DCAB3F00170A94 /* OthelloMovementChecker.swift in Sources */ = {isa = PBXBuildFile; fileRef = 3D42C00A25DCAB3F00170A94 /* OthelloMovementChecker.swift */; };
		3D42C00E25DCAC9D00170A94 /* MovementChecker.swift in Sources */ = {isa = PBXBuildFile; fileRef = 3D42C00D25DCAC9D00170A94 /* MovementChecker.swift */; };
		3D4E2BB225DC18400064801A /* OthellooApp.swift in Sources */ = {isa = PBXBuildFile; fileRef = 3D4E2BB125DC18400064801A /* OthellooApp.swift */; };
		3D4E2BB425DC18400064801A /* ContentView.swift in Sources */ = {isa = PBXBuildFile; fileRef = 3D4E2BB325DC18400064801A /* ContentView.swift */; };
		3D4E2BB625DC18430064801A /* Assets.xcassets in Resources */ = {isa = PBXBuildFile; fileRef = 3D4E2BB525DC18430064801A /* Assets.xcassets */; };
		3D4E2BB925DC18430064801A /* Preview Assets.xcassets in Resources */ = {isa = PBXBuildFile; fileRef = 3D4E2BB825DC18430064801A /* Preview Assets.xcassets */; };
		3D4E2BC625DC18860064801A /* Board.swift in Sources */ = {isa = PBXBuildFile; fileRef = 3D4E2BC525DC18860064801A /* Board.swift */; };
		3D4E2BC925DC1F010064801A /* OthelloView.swift in Sources */ = {isa = PBXBuildFile; fileRef = 3D4E2BC825DC1F010064801A /* OthelloView.swift */; };
		3D4E2BCC25DC1FD60064801A /* Terminal.swift in Sources */ = {isa = PBXBuildFile; fileRef = 3D4E2BCB25DC1FD60064801A /* Terminal.swift */; };
		3D52B7AE25DD635B000539E4 /* ValueModifier.swift in Sources */ = {isa = PBXBuildFile; fileRef = 3D52B7AD25DD635B000539E4 /* ValueModifier.swift */; };
		3D52B7B125DD64B9000539E4 /* MovementExcecutor.swift in Sources */ = {isa = PBXBuildFile; fileRef = 3D52B7B025DD64B9000539E4 /* MovementExcecutor.swift */; };
		3D52B7B925DD67F2000539E4 /* OthelloMovementExcecutor.swift in Sources */ = {isa = PBXBuildFile; fileRef = 3D52B7B825DD67F2000539E4 /* OthelloMovementExcecutor.swift */; };
		3DBF894C25E0425A00702731 /* IntersitialAd.swift in Sources */ = {isa = PBXBuildFile; fileRef = 3DBF894B25E0425A00702731 /* IntersitialAd.swift */; };
		3DC0240A25DC5229007B6E73 /* Othello.swift in Sources */ = {isa = PBXBuildFile; fileRef = 3DC0240925DC5229007B6E73 /* Othello.swift */; };
		3DC0240D25DC5239007B6E73 /* Game.swift in Sources */ = {isa = PBXBuildFile; fileRef = 3DC0240C25DC5239007B6E73 /* Game.swift */; };
		3DC0241025DC52B2007B6E73 /* Movement.swift in Sources */ = {isa = PBXBuildFile; fileRef = 3DC0240F25DC52B2007B6E73 /* Movement.swift */; };
		3DC0241325DC52BA007B6E73 /* Position.swift in Sources */ = {isa = PBXBuildFile; fileRef = 3DC0241225DC52BA007B6E73 /* Position.swift */; };
		3DC0241625DC5309007B6E73 /* Player.swift in Sources */ = {isa = PBXBuildFile; fileRef = 3DC0241525DC5309007B6E73 /* Player.swift */; };
		3DC0241925DC5734007B6E73 /* AlphaBeta.swift in Sources */ = {isa = PBXBuildFile; fileRef = 3DC0241825DC5734007B6E73 /* AlphaBeta.swift */; };
		3DC0241D25DC6892007B6E73 /* Int+Infinity.swift in Sources */ = {isa = PBXBuildFile; fileRef = 3DC0241C25DC6892007B6E73 /* Int+Infinity.swift */; };
		3DE360C025DC775800699236 /* OthelloVM.swift in Sources */ = {isa = PBXBuildFile; fileRef = 3DE360BF25DC775800699236 /* OthelloVM.swift */; };
		3DF2B68D25E1E11900A4C37E /* ActionsContainer.swift in Sources */ = {isa = PBXBuildFile; fileRef = 3DF2B68C25E1E11900A4C37E /* ActionsContainer.swift */; };
		887761794D795C45EE655853 /* Pods_Othelloo.framework in Frameworks */ = {isa = PBXBuildFile; fileRef = EFFCD261A162145A964DD0E1 /* Pods_Othelloo.framework */; };
/* End PBXBuildFile section */

/* Begin PBXFileReference section */
		3D0263C025DF43EE00E47DA3 /* GameOver.swift */ = {isa = PBXFileReference; lastKnownFileType = sourcecode.swift; path = GameOver.swift; sourceTree = "<group>"; };
		3D0263C325E00F1F00E47DA3 /* NoMovements.swift */ = {isa = PBXFileReference; lastKnownFileType = sourcecode.swift; path = NoMovements.swift; sourceTree = "<group>"; };
		3D135D5725DECA4900FBC389 /* LogMessage.swift */ = {isa = PBXFileReference; lastKnownFileType = sourcecode.swift; path = LogMessage.swift; sourceTree = "<group>"; };
		3D376BED25DDACDC004F4AF3 /* Log.swift */ = {isa = PBXFileReference; lastKnownFileType = sourcecode.swift; path = Log.swift; sourceTree = "<group>"; };
		3D42C00A25DCAB3F00170A94 /* OthelloMovementChecker.swift */ = {isa = PBXFileReference; lastKnownFileType = sourcecode.swift; path = OthelloMovementChecker.swift; sourceTree = "<group>"; };
		3D42C00D25DCAC9D00170A94 /* MovementChecker.swift */ = {isa = PBXFileReference; lastKnownFileType = sourcecode.swift; path = MovementChecker.swift; sourceTree = "<group>"; };
		3D4E2BAE25DC18400064801A /* Othelloo.app */ = {isa = PBXFileReference; explicitFileType = wrapper.application; includeInIndex = 0; path = Othelloo.app; sourceTree = BUILT_PRODUCTS_DIR; };
		3D4E2BB125DC18400064801A /* OthellooApp.swift */ = {isa = PBXFileReference; lastKnownFileType = sourcecode.swift; path = OthellooApp.swift; sourceTree = "<group>"; };
		3D4E2BB325DC18400064801A /* ContentView.swift */ = {isa = PBXFileReference; lastKnownFileType = sourcecode.swift; path = ContentView.swift; sourceTree = "<group>"; };
		3D4E2BB525DC18430064801A /* Assets.xcassets */ = {isa = PBXFileReference; lastKnownFileType = folder.assetcatalog; path = Assets.xcassets; sourceTree = "<group>"; };
		3D4E2BB825DC18430064801A /* Preview Assets.xcassets */ = {isa = PBXFileReference; lastKnownFileType = folder.assetcatalog; path = "Preview Assets.xcassets"; sourceTree = "<group>"; };
		3D4E2BBA25DC18430064801A /* Info.plist */ = {isa = PBXFileReference; lastKnownFileType = text.plist.xml; path = Info.plist; sourceTree = "<group>"; };
		3D4E2BC525DC18860064801A /* Board.swift */ = {isa = PBXFileReference; lastKnownFileType = sourcecode.swift; path = Board.swift; sourceTree = "<group>"; };
		3D4E2BC825DC1F010064801A /* OthelloView.swift */ = {isa = PBXFileReference; lastKnownFileType = sourcecode.swift; path = OthelloView.swift; sourceTree = "<group>"; };
		3D4E2BCB25DC1FD60064801A /* Terminal.swift */ = {isa = PBXFileReference; lastKnownFileType = sourcecode.swift; path = Terminal.swift; sourceTree = "<group>"; };
		3D52B7AD25DD635B000539E4 /* ValueModifier.swift */ = {isa = PBXFileReference; lastKnownFileType = sourcecode.swift; path = ValueModifier.swift; sourceTree = "<group>"; };
		3D52B7B025DD64B9000539E4 /* MovementExcecutor.swift */ = {isa = PBXFileReference; lastKnownFileType = sourcecode.swift; path = MovementExcecutor.swift; sourceTree = "<group>"; };
		3D52B7B825DD67F2000539E4 /* OthelloMovementExcecutor.swift */ = {isa = PBXFileReference; lastKnownFileType = sourcecode.swift; path = OthelloMovementExcecutor.swift; sourceTree = "<group>"; };
		3DBF894B25E0425A00702731 /* IntersitialAd.swift */ = {isa = PBXFileReference; lastKnownFileType = sourcecode.swift; path = IntersitialAd.swift; sourceTree = "<group>"; };
		3DC0240925DC5229007B6E73 /* Othello.swift */ = {isa = PBXFileReference; lastKnownFileType = sourcecode.swift; path = Othello.swift; sourceTree = "<group>"; };
		3DC0240C25DC5239007B6E73 /* Game.swift */ = {isa = PBXFileReference; lastKnownFileType = sourcecode.swift; path = Game.swift; sourceTree = "<group>"; };
		3DC0240F25DC52B2007B6E73 /* Movement.swift */ = {isa = PBXFileReference; lastKnownFileType = sourcecode.swift; path = Movement.swift; sourceTree = "<group>"; };
		3DC0241225DC52BA007B6E73 /* Position.swift */ = {isa = PBXFileReference; lastKnownFileType = sourcecode.swift; path = Position.swift; sourceTree = "<group>"; };
		3DC0241525DC5309007B6E73 /* Player.swift */ = {isa = PBXFileReference; lastKnownFileType = sourcecode.swift; path = Player.swift; sourceTree = "<group>"; };
		3DC0241825DC5734007B6E73 /* AlphaBeta.swift */ = {isa = PBXFileReference; lastKnownFileType = sourcecode.swift; path = AlphaBeta.swift; sourceTree = "<group>"; };
		3DC0241C25DC6892007B6E73 /* Int+Infinity.swift */ = {isa = PBXFileReference; lastKnownFileType = sourcecode.swift; path = "Int+Infinity.swift"; sourceTree = "<group>"; };
		3DE360BF25DC775800699236 /* OthelloVM.swift */ = {isa = PBXFileReference; lastKnownFileType = sourcecode.swift; path = OthelloVM.swift; sourceTree = "<group>"; };
		3DF2B68C25E1E11900A4C37E /* ActionsContainer.swift */ = {isa = PBXFileReference; lastKnownFileType = sourcecode.swift; path = ActionsContainer.swift; sourceTree = "<group>"; };
		A1E4A4BC298DF9E43A916A77 /* Pods-Othelloo.debug.xcconfig */ = {isa = PBXFileReference; includeInIndex = 1; lastKnownFileType = text.xcconfig; name = "Pods-Othelloo.debug.xcconfig"; path = "Target Support Files/Pods-Othelloo/Pods-Othelloo.debug.xcconfig"; sourceTree = "<group>"; };
		D5CD080ECF70B7AAA3A83DD9 /* Pods-Othelloo.release.xcconfig */ = {isa = PBXFileReference; includeInIndex = 1; lastKnownFileType = text.xcconfig; name = "Pods-Othelloo.release.xcconfig"; path = "Target Support Files/Pods-Othelloo/Pods-Othelloo.release.xcconfig"; sourceTree = "<group>"; };
		EFFCD261A162145A964DD0E1 /* Pods_Othelloo.framework */ = {isa = PBXFileReference; explicitFileType = wrapper.framework; includeInIndex = 0; path = Pods_Othelloo.framework; sourceTree = BUILT_PRODUCTS_DIR; };
/* End PBXFileReference section */

/* Begin PBXFrameworksBuildPhase section */
		3D4E2BAB25DC18400064801A /* Frameworks */ = {
			isa = PBXFrameworksBuildPhase;
			buildActionMask = 2147483647;
			files = (
				887761794D795C45EE655853 /* Pods_Othelloo.framework in Frameworks */,
			);
			runOnlyForDeploymentPostprocessing = 0;
		};
/* End PBXFrameworksBuildPhase section */

/* Begin PBXGroup section */
		1C1E201E545C6B3E551D8BAF /* Pods */ = {
			isa = PBXGroup;
			children = (
				A1E4A4BC298DF9E43A916A77 /* Pods-Othelloo.debug.xcconfig */,
				D5CD080ECF70B7AAA3A83DD9 /* Pods-Othelloo.release.xcconfig */,
			);
			path = Pods;
			sourceTree = "<group>";
		};
		3189084F4CC14D7F198C51F6 /* Frameworks */ = {
			isa = PBXGroup;
			children = (
				EFFCD261A162145A964DD0E1 /* Pods_Othelloo.framework */,
			);
			name = Frameworks;
			sourceTree = "<group>";
		};
		3D135D5625DEC9CB00FBC389 /* Game Logic */ = {
			isa = PBXGroup;
			children = (
				3D51A0F225DF05EE008698EC /* Protocols */,
				3D52B7AD25DD635B000539E4 /* ValueModifier.swift */,
				3D52B7B825DD67F2000539E4 /* OthelloMovementExcecutor.swift */,
				3D42C00A25DCAB3F00170A94 /* OthelloMovementChecker.swift */,
				3DC0240925DC5229007B6E73 /* Othello.swift */,
				3DC0241825DC5734007B6E73 /* AlphaBeta.swift */,
			);
			path = "Game Logic";
			sourceTree = "<group>";
		};
		3D4E2BA525DC18400064801A = {
			isa = PBXGroup;
			children = (
				3D4E2BB025DC18400064801A /* Othelloo */,
				3D4E2BAF25DC18400064801A /* Products */,
				1C1E201E545C6B3E551D8BAF /* Pods */,
				3189084F4CC14D7F198C51F6 /* Frameworks */,
			);
			sourceTree = "<group>";
		};
		3D4E2BAF25DC18400064801A /* Products */ = {
			isa = PBXGroup;
			children = (
				3D4E2BAE25DC18400064801A /* Othelloo.app */,
			);
			name = Products;
			sourceTree = "<group>";
		};
		3D4E2BB025DC18400064801A /* Othelloo */ = {
			isa = PBXGroup;
			children = (
				3DE360BE25DC773A00699236 /* ViewModels */,
				3DC0241B25DC6884007B6E73 /* Extensions */,
				3D4E2BC225DC185C0064801A /* Models */,
				3D4E2BC125DC18560064801A /* Views */,
				3D4E2BB125DC18400064801A /* OthellooApp.swift */,
				3D4E2BB325DC18400064801A /* ContentView.swift */,
				3D4E2BB525DC18430064801A /* Assets.xcassets */,
				3D4E2BBA25DC18430064801A /* Info.plist */,
				3D4E2BB725DC18430064801A /* Preview Content */,
			);
			path = Othelloo;
			sourceTree = "<group>";
		};
		3D4E2BB725DC18430064801A /* Preview Content */ = {
			isa = PBXGroup;
			children = (
				3D4E2BB825DC18430064801A /* Preview Assets.xcassets */,
			);
			path = "Preview Content";
			sourceTree = "<group>";
		};
		3D4E2BC125DC18560064801A /* Views */ = {
			isa = PBXGroup;
			children = (
				3D4E2BC425DC18720064801A /* Screens */,
				3D4E2BC325DC18630064801A /* Components */,
			);
			path = Views;
			sourceTree = "<group>";
		};
		3D4E2BC225DC185C0064801A /* Models */ = {
			isa = PBXGroup;
			children = (
				3D135D5625DEC9CB00FBC389 /* Game Logic */,
				3DC0240F25DC52B2007B6E73 /* Movement.swift */,
				3DC0241225DC52BA007B6E73 /* Position.swift */,
				3DC0241525DC5309007B6E73 /* Player.swift */,
				3D376BED25DDACDC004F4AF3 /* Log.swift */,
				3D135D5725DECA4900FBC389 /* LogMessage.swift */,
			);
			path = Models;
			sourceTree = "<group>";
		};
		3D4E2BC325DC18630064801A /* Components */ = {
			isa = PBXGroup;
			children = (
				3D4E2BC525DC18860064801A /* Board.swift */,
				3D4E2BCB25DC1FD60064801A /* Terminal.swift */,
				3D0263C025DF43EE00E47DA3 /* GameOver.swift */,
				3D0263C325E00F1F00E47DA3 /* NoMovements.swift */,
				3DF2B68C25E1E11900A4C37E /* ActionsContainer.swift */,
			);
			path = Components;
			sourceTree = "<group>";
		};
		3D4E2BC425DC18720064801A /* Screens */ = {
			isa = PBXGroup;
			children = (
				3D4E2BC825DC1F010064801A /* OthelloView.swift */,
				3DBF894B25E0425A00702731 /* IntersitialAd.swift */,
			);
			path = Screens;
			sourceTree = "<group>";
		};
		3D51A0F225DF05EE008698EC /* Protocols */ = {
			isa = PBXGroup;
			children = (
				3DC0240C25DC5239007B6E73 /* Game.swift */,
				3D42C00D25DCAC9D00170A94 /* MovementChecker.swift */,
				3D52B7B025DD64B9000539E4 /* MovementExcecutor.swift */,
			);
			path = Protocols;
			sourceTree = "<group>";
		};
		3DC0241B25DC6884007B6E73 /* Extensions */ = {
			isa = PBXGroup;
			children = (
				3DC0241C25DC6892007B6E73 /* Int+Infinity.swift */,
			);
			path = Extensions;
			sourceTree = "<group>";
		};
		3DE360BE25DC773A00699236 /* ViewModels */ = {
			isa = PBXGroup;
			children = (
				3DE360BF25DC775800699236 /* OthelloVM.swift */,
			);
			path = ViewModels;
			sourceTree = "<group>";
		};
/* End PBXGroup section */

/* Begin PBXNativeTarget section */
		3D4E2BAD25DC18400064801A /* Othelloo */ = {
			isa = PBXNativeTarget;
			buildConfigurationList = 3D4E2BBD25DC18430064801A /* Build configuration list for PBXNativeTarget "Othelloo" */;
			buildPhases = (
				812D6B448863CDA16A035EC4 /* [CP] Check Pods Manifest.lock */,
				3D4E2BAA25DC18400064801A /* Sources */,
				3D4E2BAB25DC18400064801A /* Frameworks */,
				3D4E2BAC25DC18400064801A /* Resources */,
				BE4A7FD17FA7205A945C3C8E /* [CP] Embed Pods Frameworks */,
			);
			buildRules = (
			);
			dependencies = (
			);
			name = Othelloo;
			productName = Othelloo;
			productReference = 3D4E2BAE25DC18400064801A /* Othelloo.app */;
			productType = "com.apple.product-type.application";
		};
/* End PBXNativeTarget section */

/* Begin PBXProject section */
		3D4E2BA625DC18400064801A /* Project object */ = {
			isa = PBXProject;
			attributes = {
				LastSwiftUpdateCheck = 1230;
				LastUpgradeCheck = 1230;
				TargetAttributes = {
					3D4E2BAD25DC18400064801A = {
						CreatedOnToolsVersion = 12.3;
					};
				};
			};
			buildConfigurationList = 3D4E2BA925DC18400064801A /* Build configuration list for PBXProject "Othelloo" */;
			compatibilityVersion = "Xcode 9.3";
			developmentRegion = en;
			hasScannedForEncodings = 0;
			knownRegions = (
				en,
				Base,
			);
			mainGroup = 3D4E2BA525DC18400064801A;
			productRefGroup = 3D4E2BAF25DC18400064801A /* Products */;
			projectDirPath = "";
			projectRoot = "";
			targets = (
				3D4E2BAD25DC18400064801A /* Othelloo */,
			);
		};
/* End PBXProject section */

/* Begin PBXResourcesBuildPhase section */
		3D4E2BAC25DC18400064801A /* Resources */ = {
			isa = PBXResourcesBuildPhase;
			buildActionMask = 2147483647;
			files = (
				3D4E2BB925DC18430064801A /* Preview Assets.xcassets in Resources */,
				3D4E2BB625DC18430064801A /* Assets.xcassets in Resources */,
			);
			runOnlyForDeploymentPostprocessing = 0;
		};
/* End PBXResourcesBuildPhase section */

/* Begin PBXShellScriptBuildPhase section */
		812D6B448863CDA16A035EC4 /* [CP] Check Pods Manifest.lock */ = {
			isa = PBXShellScriptBuildPhase;
			buildActionMask = 2147483647;
			files = (
			);
			inputFileListPaths = (
			);
			inputPaths = (
				"${PODS_PODFILE_DIR_PATH}/Podfile.lock",
				"${PODS_ROOT}/Manifest.lock",
			);
			name = "[CP] Check Pods Manifest.lock";
			outputFileListPaths = (
			);
			outputPaths = (
				"$(DERIVED_FILE_DIR)/Pods-Othelloo-checkManifestLockResult.txt",
			);
			runOnlyForDeploymentPostprocessing = 0;
			shellPath = /bin/sh;
			shellScript = "diff \"${PODS_PODFILE_DIR_PATH}/Podfile.lock\" \"${PODS_ROOT}/Manifest.lock\" > /dev/null\nif [ $? != 0 ] ; then\n    # print error to STDERR\n    echo \"error: The sandbox is not in sync with the Podfile.lock. Run 'pod install' or update your CocoaPods installation.\" >&2\n    exit 1\nfi\n# This output is used by Xcode 'outputs' to avoid re-running this script phase.\necho \"SUCCESS\" > \"${SCRIPT_OUTPUT_FILE_0}\"\n";
			showEnvVarsInLog = 0;
		};
		BE4A7FD17FA7205A945C3C8E /* [CP] Embed Pods Frameworks */ = {
			isa = PBXShellScriptBuildPhase;
			buildActionMask = 2147483647;
			files = (
			);
			inputFileListPaths = (
				"${PODS_ROOT}/Target Support Files/Pods-Othelloo/Pods-Othelloo-frameworks-${CONFIGURATION}-input-files.xcfilelist",
			);
			name = "[CP] Embed Pods Frameworks";
			outputFileListPaths = (
				"${PODS_ROOT}/Target Support Files/Pods-Othelloo/Pods-Othelloo-frameworks-${CONFIGURATION}-output-files.xcfilelist",
			);
			runOnlyForDeploymentPostprocessing = 0;
			shellPath = /bin/sh;
			shellScript = "\"${PODS_ROOT}/Target Support Files/Pods-Othelloo/Pods-Othelloo-frameworks.sh\"\n";
			showEnvVarsInLog = 0;
		};
/* End PBXShellScriptBuildPhase section */

/* Begin PBXSourcesBuildPhase section */
		3D4E2BAA25DC18400064801A /* Sources */ = {
			isa = PBXSourcesBuildPhase;
			buildActionMask = 2147483647;
			files = (
				3D4E2BB425DC18400064801A /* ContentView.swift in Sources */,
				3D4E2BCC25DC1FD60064801A /* Terminal.swift in Sources */,
				3DC0240D25DC5239007B6E73 /* Game.swift in Sources */,
				3D4E2BB225DC18400064801A /* OthellooApp.swift in Sources */,
				3DC0241025DC52B2007B6E73 /* Movement.swift in Sources */,
				3DC0240A25DC5229007B6E73 /* Othello.swift in Sources */,
				3D4E2BC925DC1F010064801A /* OthelloView.swift in Sources */,
				3DC0241925DC5734007B6E73 /* AlphaBeta.swift in Sources */,
				3DE360C025DC775800699236 /* OthelloVM.swift in Sources */,
				3D0263C425E00F1F00E47DA3 /* NoMovements.swift in Sources */,
				3D0263C125DF43EE00E47DA3 /* GameOver.swift in Sources */,
				3D42C00E25DCAC9D00170A94 /* MovementChecker.swift in Sources */,
				3D52B7AE25DD635B000539E4 /* ValueModifier.swift in Sources */,
				3DBF894C25E0425A00702731 /* IntersitialAd.swift in Sources */,
				3D4E2BC625DC18860064801A /* Board.swift in Sources */,
				3D42C00B25DCAB3F00170A94 /* OthelloMovementChecker.swift in Sources */,
				3DC0241D25DC6892007B6E73 /* Int+Infinity.swift in Sources */,
				3D135D5825DECA4900FBC389 /* LogMessage.swift in Sources */,
				3D376BEE25DDACDC004F4AF3 /* Log.swift in Sources */,
				3D52B7B125DD64B9000539E4 /* MovementExcecutor.swift in Sources */,
				3D52B7B925DD67F2000539E4 /* OthelloMovementExcecutor.swift in Sources */,
				3DF2B68D25E1E11900A4C37E /* ActionsContainer.swift in Sources */,
				3DC0241625DC5309007B6E73 /* Player.swift in Sources */,
				3DC0241325DC52BA007B6E73 /* Position.swift in Sources */,
			);
			runOnlyForDeploymentPostprocessing = 0;
		};
/* End PBXSourcesBuildPhase section */

/* Begin XCBuildConfiguration section */
		3D4E2BBB25DC18430064801A /* Debug */ = {
			isa = XCBuildConfiguration;
			buildSettings = {
				ALWAYS_SEARCH_USER_PATHS = NO;
				CLANG_ANALYZER_NONNULL = YES;
				CLANG_ANALYZER_NUMBER_OBJECT_CONVERSION = YES_AGGRESSIVE;
				CLANG_CXX_LANGUAGE_STANDARD = "gnu++14";
				CLANG_CXX_LIBRARY = "libc++";
				CLANG_ENABLE_MODULES = YES;
				CLANG_ENABLE_OBJC_ARC = YES;
				CLANG_ENABLE_OBJC_WEAK = YES;
				CLANG_WARN_BLOCK_CAPTURE_AUTORELEASING = YES;
				CLANG_WARN_BOOL_CONVERSION = YES;
				CLANG_WARN_COMMA = YES;
				CLANG_WARN_CONSTANT_CONVERSION = YES;
				CLANG_WARN_DEPRECATED_OBJC_IMPLEMENTATIONS = YES;
				CLANG_WARN_DIRECT_OBJC_ISA_USAGE = YES_ERROR;
				CLANG_WARN_DOCUMENTATION_COMMENTS = YES;
				CLANG_WARN_EMPTY_BODY = YES;
				CLANG_WARN_ENUM_CONVERSION = YES;
				CLANG_WARN_INFINITE_RECURSION = YES;
				CLANG_WARN_INT_CONVERSION = YES;
				CLANG_WARN_NON_LITERAL_NULL_CONVERSION = YES;
				CLANG_WARN_OBJC_IMPLICIT_RETAIN_SELF = YES;
				CLANG_WARN_OBJC_LITERAL_CONVERSION = YES;
				CLANG_WARN_OBJC_ROOT_CLASS = YES_ERROR;
				CLANG_WARN_QUOTED_INCLUDE_IN_FRAMEWORK_HEADER = YES;
				CLANG_WARN_RANGE_LOOP_ANALYSIS = YES;
				CLANG_WARN_STRICT_PROTOTYPES = YES;
				CLANG_WARN_SUSPICIOUS_MOVE = YES;
				CLANG_WARN_UNGUARDED_AVAILABILITY = YES_AGGRESSIVE;
				CLANG_WARN_UNREACHABLE_CODE = YES;
				CLANG_WARN__DUPLICATE_METHOD_MATCH = YES;
				COPY_PHASE_STRIP = NO;
				DEBUG_INFORMATION_FORMAT = dwarf;
				ENABLE_STRICT_OBJC_MSGSEND = YES;
				ENABLE_TESTABILITY = YES;
				GCC_C_LANGUAGE_STANDARD = gnu11;
				GCC_DYNAMIC_NO_PIC = NO;
				GCC_NO_COMMON_BLOCKS = YES;
				GCC_OPTIMIZATION_LEVEL = 0;
				GCC_PREPROCESSOR_DEFINITIONS = (
					"DEBUG=1",
					"$(inherited)",
				);
				GCC_WARN_64_TO_32_BIT_CONVERSION = YES;
				GCC_WARN_ABOUT_RETURN_TYPE = YES_ERROR;
				GCC_WARN_UNDECLARED_SELECTOR = YES;
				GCC_WARN_UNINITIALIZED_AUTOS = YES_AGGRESSIVE;
				GCC_WARN_UNUSED_FUNCTION = YES;
				GCC_WARN_UNUSED_VARIABLE = YES;
				IPHONEOS_DEPLOYMENT_TARGET = 14.0;
				MTL_ENABLE_DEBUG_INFO = INCLUDE_SOURCE;
				MTL_FAST_MATH = YES;
				ONLY_ACTIVE_ARCH = YES;
				SDKROOT = iphoneos;
				SWIFT_ACTIVE_COMPILATION_CONDITIONS = DEBUG;
				SWIFT_OPTIMIZATION_LEVEL = "-Onone";
			};
			name = Debug;
		};
		3D4E2BBC25DC18430064801A /* Release */ = {
			isa = XCBuildConfiguration;
			buildSettings = {
				ALWAYS_SEARCH_USER_PATHS = NO;
				CLANG_ANALYZER_NONNULL = YES;
				CLANG_ANALYZER_NUMBER_OBJECT_CONVERSION = YES_AGGRESSIVE;
				CLANG_CXX_LANGUAGE_STANDARD = "gnu++14";
				CLANG_CXX_LIBRARY = "libc++";
				CLANG_ENABLE_MODULES = YES;
				CLANG_ENABLE_OBJC_ARC = YES;
				CLANG_ENABLE_OBJC_WEAK = YES;
				CLANG_WARN_BLOCK_CAPTURE_AUTORELEASING = YES;
				CLANG_WARN_BOOL_CONVERSION = YES;
				CLANG_WARN_COMMA = YES;
				CLANG_WARN_CONSTANT_CONVERSION = YES;
				CLANG_WARN_DEPRECATED_OBJC_IMPLEMENTATIONS = YES;
				CLANG_WARN_DIRECT_OBJC_ISA_USAGE = YES_ERROR;
				CLANG_WARN_DOCUMENTATION_COMMENTS = YES;
				CLANG_WARN_EMPTY_BODY = YES;
				CLANG_WARN_ENUM_CONVERSION = YES;
				CLANG_WARN_INFINITE_RECURSION = YES;
				CLANG_WARN_INT_CONVERSION = YES;
				CLANG_WARN_NON_LITERAL_NULL_CONVERSION = YES;
				CLANG_WARN_OBJC_IMPLICIT_RETAIN_SELF = YES;
				CLANG_WARN_OBJC_LITERAL_CONVERSION = YES;
				CLANG_WARN_OBJC_ROOT_CLASS = YES_ERROR;
				CLANG_WARN_QUOTED_INCLUDE_IN_FRAMEWORK_HEADER = YES;
				CLANG_WARN_RANGE_LOOP_ANALYSIS = YES;
				CLANG_WARN_STRICT_PROTOTYPES = YES;
				CLANG_WARN_SUSPICIOUS_MOVE = YES;
				CLANG_WARN_UNGUARDED_AVAILABILITY = YES_AGGRESSIVE;
				CLANG_WARN_UNREACHABLE_CODE = YES;
				CLANG_WARN__DUPLICATE_METHOD_MATCH = YES;
				COPY_PHASE_STRIP = NO;
				DEBUG_INFORMATION_FORMAT = "dwarf-with-dsym";
				ENABLE_NS_ASSERTIONS = NO;
				ENABLE_STRICT_OBJC_MSGSEND = YES;
				GCC_C_LANGUAGE_STANDARD = gnu11;
				GCC_NO_COMMON_BLOCKS = YES;
				GCC_WARN_64_TO_32_BIT_CONVERSION = YES;
				GCC_WARN_ABOUT_RETURN_TYPE = YES_ERROR;
				GCC_WARN_UNDECLARED_SELECTOR = YES;
				GCC_WARN_UNINITIALIZED_AUTOS = YES_AGGRESSIVE;
				GCC_WARN_UNUSED_FUNCTION = YES;
				GCC_WARN_UNUSED_VARIABLE = YES;
				IPHONEOS_DEPLOYMENT_TARGET = 14.0;
				MTL_ENABLE_DEBUG_INFO = NO;
				MTL_FAST_MATH = YES;
				SDKROOT = iphoneos;
				SWIFT_COMPILATION_MODE = wholemodule;
				SWIFT_OPTIMIZATION_LEVEL = "-O";
				VALIDATE_PRODUCT = YES;
			};
			name = Release;
		};
		3D4E2BBE25DC18430064801A /* Debug */ = {
			isa = XCBuildConfiguration;
			baseConfigurationReference = A1E4A4BC298DF9E43A916A77 /* Pods-Othelloo.debug.xcconfig */;
			buildSettings = {
				ASSETCATALOG_COMPILER_APPICON_NAME = AppIcon;
				ASSETCATALOG_COMPILER_GLOBAL_ACCENT_COLOR_NAME = AccentColor;
				CODE_SIGN_STYLE = Automatic;
				DEVELOPMENT_ASSET_PATHS = "\"Othelloo/Preview Content\"";
				DEVELOPMENT_TEAM = 9TP4HMDZ7W;
				ENABLE_PREVIEWS = YES;
				INFOPLIST_FILE = Othelloo/Info.plist;
				IPHONEOS_DEPLOYMENT_TARGET = 14.0;
				LD_RUNPATH_SEARCH_PATHS = (
					"$(inherited)",
					"@executable_path/Frameworks",
				);
				PRODUCT_BUNDLE_IDENTIFIER = juandahurt.Othelloo;
				PRODUCT_NAME = "$(TARGET_NAME)";
				SWIFT_VERSION = 5.0;
				TARGETED_DEVICE_FAMILY = "1,2";
			};
			name = Debug;
		};
		3D4E2BBF25DC18430064801A /* Release */ = {
			isa = XCBuildConfiguration;
			baseConfigurationReference = D5CD080ECF70B7AAA3A83DD9 /* Pods-Othelloo.release.xcconfig */;
			buildSettings = {
				ASSETCATALOG_COMPILER_APPICON_NAME = AppIcon;
				ASSETCATALOG_COMPILER_GLOBAL_ACCENT_COLOR_NAME = AccentColor;
				CODE_SIGN_STYLE = Automatic;
				DEVELOPMENT_ASSET_PATHS = "\"Othelloo/Preview Content\"";
				DEVELOPMENT_TEAM = 9TP4HMDZ7W;
				ENABLE_PREVIEWS = YES;
				INFOPLIST_FILE = Othelloo/Info.plist;
				IPHONEOS_DEPLOYMENT_TARGET = 14.0;
				LD_RUNPATH_SEARCH_PATHS = (
					"$(inherited)",
					"@executable_path/Frameworks",
				);
				PRODUCT_BUNDLE_IDENTIFIER = juandahurt.Othelloo;
				PRODUCT_NAME = "$(TARGET_NAME)";
				SWIFT_VERSION = 5.0;
				TARGETED_DEVICE_FAMILY = "1,2";
			};
			name = Release;
		};
/* End XCBuildConfiguration section */

/* Begin XCConfigurationList section */
		3D4E2BA925DC18400064801A /* Build configuration list for PBXProject "Othelloo" */ = {
			isa = XCConfigurationList;
			buildConfigurations = (
				3D4E2BBB25DC18430064801A /* Debug */,
				3D4E2BBC25DC18430064801A /* Release */,
			);
			defaultConfigurationIsVisible = 0;
			defaultConfigurationName = Release;
		};
		3D4E2BBD25DC18430064801A /* Build configuration list for PBXNativeTarget "Othelloo" */ = {
			isa = XCConfigurationList;
			buildConfigurations = (
				3D4E2BBE25DC18430064801A /* Debug */,
				3D4E2BBF25DC18430064801A /* Release */,
			);
			defaultConfigurationIsVisible = 0;
			defaultConfigurationName = Release;
		};
/* End XCConfigurationList section */
	};
	rootObject = 3D4E2BA625DC18400064801A /* Project object */;
}
